
Microsoft Visual Studio Solution File, Format Version 12.00
# Visual Studio 15
VisualStudioVersion = 15.0.26124.0
MinimumVisualStudioVersion = 15.0.26124.0
Project("{2150E333-8FDC-42A3-9474-1A3956D46DE8}") = "src", "src", "{C29B691B-AF9C-46B9-A7EA-CB19848CAD79}"
EndProject
Project("{FAE04EC0-301F-11D3-BF4B-00C04F79EFBC}") = "RendleLabs.AspNetCore.RoutingWithServices", "src\RendleLabs.AspNetCore.RoutingWithServices\RendleLabs.AspNetCore.RoutingWithServices.csproj", "{4BCA15C0-7512-4EA9-8141-1FA7B6947098}"
EndProject
Project("{FAE04EC0-301F-11D3-BF4B-00C04F79EFBC}") = "CodeGen", "src\CodeGen\CodeGen.csproj", "{F8B7C8FC-77B7-4DCF-86D5-CDC74DC72C3D}"
EndProject
Global
	GlobalSection(SolutionConfigurationPlatforms) = preSolution
		Debug|Any CPU = Debug|Any CPU
		Debug|x64 = Debug|x64
		Debug|x86 = Debug|x86
		Release|Any CPU = Release|Any CPU
		Release|x64 = Release|x64
		Release|x86 = Release|x86
	EndGlobalSection
	GlobalSection(SolutionProperties) = preSolution
		HideSolutionNode = FALSE
	EndGlobalSection
	GlobalSection(ProjectConfigurationPlatforms) = postSolution
		{4BCA15C0-7512-4EA9-8141-1FA7B6947098}.Debug|Any CPU.ActiveCfg = Debug|Any CPU
		{4BCA15C0-7512-4EA9-8141-1FA7B6947098}.Debug|Any CPU.Build.0 = Debug|Any CPU
		{4BCA15C0-7512-4EA9-8141-1FA7B6947098}.Debug|x64.ActiveCfg = Debug|Any CPU
		{4BCA15C0-7512-4EA9-8141-1FA7B6947098}.Debug|x64.Build.0 = Debug|Any CPU
		{4BCA15C0-7512-4EA9-8141-1FA7B6947098}.Debug|x86.ActiveCfg = Debug|Any CPU
		{4BCA15C0-7512-4EA9-8141-1FA7B6947098}.Debug|x86.Build.0 = Debug|Any CPU
		{4BCA15C0-7512-4EA9-8141-1FA7B6947098}.Release|Any CPU.ActiveCfg = Release|Any CPU
		{4BCA15C0-7512-4EA9-8141-1FA7B6947098}.Release|Any CPU.Build.0 = Release|Any CPU
		{4BCA15C0-7512-4EA9-8141-1FA7B6947098}.Release|x64.ActiveCfg = Release|Any CPU
		{4BCA15C0-7512-4EA9-8141-1FA7B6947098}.Release|x64.Build.0 = Release|Any CPU
		{4BCA15C0-7512-4EA9-8141-1FA7B6947098}.Release|x86.ActiveCfg = Release|Any CPU
		{4BCA15C0-7512-4EA9-8141-1FA7B6947098}.Release|x86.Build.0 = Release|Any CPU
		{F8B7C8FC-77B7-4DCF-86D5-CDC74DC72C3D}.Debug|Any CPU.ActiveCfg = Debug|Any CPU
		{F8B7C8FC-77B7-4DCF-86D5-CDC74DC72C3D}.Debug|Any CPU.Build.0 = Debug|Any CPU
		{F8B7C8FC-77B7-4DCF-86D5-CDC74DC72C3D}.Debug|x64.ActiveCfg = Debug|Any CPU
		{F8B7C8FC-77B7-4DCF-86D5-CDC74DC72C3D}.Debug|x64.Build.0 = Debug|Any CPU
		{F8B7C8FC-77B7-4DCF-86D5-CDC74DC72C3D}.Debug|x86.ActiveCfg = Debug|Any CPU
		{F8B7C8FC-77B7-4DCF-86D5-CDC74DC72C3D}.Debug|x86.Build.0 = Debug|Any CPU
		{F8B7C8FC-77B7-4DCF-86D5-CDC74DC72C3D}.Release|Any CPU.ActiveCfg = Release|Any CPU
		{F8B7C8FC-77B7-4DCF-86D5-CDC74DC72C3D}.Release|Any CPU.Build.0 = Release|Any CPU
		{F8B7C8FC-77B7-4DCF-86D5-CDC74DC72C3D}.Release|x64.ActiveCfg = Release|Any CPU
		{F8B7C8FC-77B7-4DCF-86D5-CDC74DC72C3D}.Release|x64.Build.0 = Release|Any CPU
		{F8B7C8FC-77B7-4DCF-86D5-CDC74DC72C3D}.Release|x86.ActiveCfg = Release|Any CPU
		{F8B7C8FC-77B7-4DCF-86D5-CDC74DC72C3D}.Release|x86.Build.0 = Release|Any CPU
	EndGlobalSection
	GlobalSection(NestedProjects) = preSolution
		{4BCA15C0-7512-4EA9-8141-1FA7B6947098} = {C29B691B-AF9C-46B9-A7EA-CB19848CAD79}
		{F8B7C8FC-77B7-4DCF-86D5-CDC74DC72C3D} = {C29B691B-AF9C-46B9-A7EA-CB19848CAD79}
	EndGlobalSection
EndGlobal
